
Microsoft Visual Studio Solution File, Format Version 12.00
# Visual Studio 15
VisualStudioVersion = 15.0.28307.489
MinimumVisualStudioVersion = 10.0.40219.1
Project("{2150E333-8FDC-42A3-9474-1A3956D46DE8}") = "BMI", "BMI", "{8C0F4254-7114-4685-89A3-CAF35529CB55}"
EndProject
Project("{9A19103F-16F7-4668-BE54-9A1E7A4F7556}") = "BMILogicLib", "BMILogicLib\BMILogicLib.csproj", "{418B7071-C502-4856-AEC5-BAB2D72BFDE2}"
EndProject
Project("{9A19103F-16F7-4668-BE54-9A1E7A4F7556}") = "BMINetCoreApp", "BMINetCoreApp\BMINetCoreApp.csproj", "{456BF02F-DD2E-4569-A22C-BDD18514D7D8}"
EndProject
Project("{FAE04EC0-301F-11D3-BF4B-00C04F79EFBC}") = "BMINetFrameworkApp", "BMINetFrameworkApp\BMINetFrameworkApp.csproj", "{DD64EED4-6DB3-4E8A-B095-26A316436E1A}"
EndProject
Project("{2150E333-8FDC-42A3-9474-1A3956D46DE8}") = "WinSpecific", "WinSpecific", "{8D02DF05-6655-4E21-A9AE-D1957505E341}"
EndProject
Project("{FAE04EC0-301F-11D3-BF4B-00C04F79EFBC}") = "WinLogicLib", "WinLogicLib\WinLogicLib.csproj", "{81F52AB6-C027-4B5C-9284-5D63CDE74227}"
EndProject
Project("{FAE04EC0-301F-11D3-BF4B-00C04F79EFBC}") = "WinNetCoreApp", "WinNetCoreApp\WinNetCoreApp.csproj", "{143FB199-9BA6-42D7-BDBA-300B38073DAC}"
EndProject
Global
	GlobalSection(SolutionConfigurationPlatforms) = preSolution
		Debug|Any CPU = Debug|Any CPU
		Release|Any CPU = Release|Any CPU
	EndGlobalSection
	GlobalSection(ProjectConfigurationPlatforms) = postSolution
		{418B7071-C502-4856-AEC5-BAB2D72BFDE2}.Debug|Any CPU.ActiveCfg = Debug|Any CPU
		{418B7071-C502-4856-AEC5-BAB2D72BFDE2}.Debug|Any CPU.Build.0 = Debug|Any CPU
		{418B7071-C502-4856-AEC5-BAB2D72BFDE2}.Release|Any CPU.ActiveCfg = Release|Any CPU
		{418B7071-C502-4856-AEC5-BAB2D72BFDE2}.Release|Any CPU.Build.0 = Release|Any CPU
		{456BF02F-DD2E-4569-A22C-BDD18514D7D8}.Debug|Any CPU.ActiveCfg = Debug|Any CPU
		{456BF02F-DD2E-4569-A22C-BDD18514D7D8}.Debug|Any CPU.Build.0 = Debug|Any CPU
		{456BF02F-DD2E-4569-A22C-BDD18514D7D8}.Release|Any CPU.ActiveCfg = Release|Any CPU
		{456BF02F-DD2E-4569-A22C-BDD18514D7D8}.Release|Any CPU.Build.0 = Release|Any CPU
		{DD64EED4-6DB3-4E8A-B095-26A316436E1A}.Debug|Any CPU.ActiveCfg = Debug|Any CPU
		{DD64EED4-6DB3-4E8A-B095-26A316436E1A}.Debug|Any CPU.Build.0 = Debug|Any CPU
		{DD64EED4-6DB3-4E8A-B095-26A316436E1A}.Release|Any CPU.ActiveCfg = Release|Any CPU
		{DD64EED4-6DB3-4E8A-B095-26A316436E1A}.Release|Any CPU.Build.0 = Release|Any CPU
		{81F52AB6-C027-4B5C-9284-5D63CDE74227}.Debug|Any CPU.ActiveCfg = Debug|Any CPU
		{81F52AB6-C027-4B5C-9284-5D63CDE74227}.Debug|Any CPU.Build.0 = Debug|Any CPU
		{81F52AB6-C027-4B5C-9284-5D63CDE74227}.Release|Any CPU.ActiveCfg = Release|Any CPU
		{81F52AB6-C027-4B5C-9284-5D63CDE74227}.Release|Any CPU.Build.0 = Release|Any CPU
		{143FB199-9BA6-42D7-BDBA-300B38073DAC}.Debug|Any CPU.ActiveCfg = Debug|Any CPU
		{143FB199-9BA6-42D7-BDBA-300B38073DAC}.Debug|Any CPU.Build.0 = Debug|Any CPU
		{143FB199-9BA6-42D7-BDBA-300B38073DAC}.Release|Any CPU.ActiveCfg = Release|Any CPU
		{143FB199-9BA6-42D7-BDBA-300B38073DAC}.Release|Any CPU.Build.0 = Release|Any CPU
	EndGlobalSection
	GlobalSection(SolutionProperties) = preSolution
		HideSolutionNode = FALSE
	EndGlobalSection
	GlobalSection(NestedProjects) = preSolution
		{418B7071-C502-4856-AEC5-BAB2D72BFDE2} = {8C0F4254-7114-4685-89A3-CAF35529CB55}
		{456BF02F-DD2E-4569-A22C-BDD18514D7D8} = {8C0F4254-7114-4685-89A3-CAF35529CB55}
		{DD64EED4-6DB3-4E8A-B095-26A316436E1A} = {8C0F4254-7114-4685-89A3-CAF35529CB55}
		{81F52AB6-C027-4B5C-9284-5D63CDE74227} = {8D02DF05-6655-4E21-A9AE-D1957505E341}
		{143FB199-9BA6-42D7-BDBA-300B38073DAC} = {8D02DF05-6655-4E21-A9AE-D1957505E341}
	EndGlobalSection
	GlobalSection(ExtensibilityGlobals) = postSolution
		SolutionGuid = {0689FC31-5637-43F6-9294-D12282FF9945}
	EndGlobalSection
EndGlobal
